// !$*UTF8*$!
{
	archiveVersion = 1;
	classes = {
	};
	objectVersion = 56;
	objects = {

/* Begin PBXBuildFile section */
		1B071C472BE77BA7002543D1 /* iOS_Food_AppApp.swift in Sources */ = {isa = PBXBuildFile; fileRef = 1B071C462BE77BA7002543D1 /* iOS_Food_AppApp.swift */; };
		1B071C492BE77BA7002543D1 /* FoodAppTabView.swift in Sources */ = {isa = PBXBuildFile; fileRef = 1B071C482BE77BA7002543D1 /* FoodAppTabView.swift */; };
		1B071C4B2BE77BAD002543D1 /* Assets.xcassets in Resources */ = {isa = PBXBuildFile; fileRef = 1B071C4A2BE77BAD002543D1 /* Assets.xcassets */; };
		1B071C4F2BE77BAE002543D1 /* Preview Assets.xcassets in Resources */ = {isa = PBXBuildFile; fileRef = 1B071C4E2BE77BAE002543D1 /* Preview Assets.xcassets */; };
		1B071C592BE77BAE002543D1 /* iOS_Food_AppTests.swift in Sources */ = {isa = PBXBuildFile; fileRef = 1B071C582BE77BAE002543D1 /* iOS_Food_AppTests.swift */; };
		1B071C632BE77BAE002543D1 /* iOS_Food_AppUITests.swift in Sources */ = {isa = PBXBuildFile; fileRef = 1B071C622BE77BAE002543D1 /* iOS_Food_AppUITests.swift */; };
		1B071C652BE77BAE002543D1 /* iOS_Food_AppUITestsLaunchTests.swift in Sources */ = {isa = PBXBuildFile; fileRef = 1B071C642BE77BAE002543D1 /* iOS_Food_AppUITestsLaunchTests.swift */; };
		1B071C732BE77EEB002543D1 /* HomeView.swift in Sources */ = {isa = PBXBuildFile; fileRef = 1B071C722BE77EEB002543D1 /* HomeView.swift */; };
		1B071C752BE77EFE002543D1 /* AccountView.swift in Sources */ = {isa = PBXBuildFile; fileRef = 1B071C742BE77EFE002543D1 /* AccountView.swift */; };
		1B071C772BE77F13002543D1 /* OrderView.swift in Sources */ = {isa = PBXBuildFile; fileRef = 1B071C762BE77F13002543D1 /* OrderView.swift */; };
		1B071C7C2BE79860002543D1 /* Appetizers.swift in Sources */ = {isa = PBXBuildFile; fileRef = 1B071C7B2BE79860002543D1 /* Appetizers.swift */; };
		1B071C7F2BE7AA1C002543D1 /* HomeListItemView.swift in Sources */ = {isa = PBXBuildFile; fileRef = 1B071C7E2BE7AA1C002543D1 /* HomeListItemView.swift */; };
		1B071C832BE922C9002543D1 /* ApiClient.swift in Sources */ = {isa = PBXBuildFile; fileRef = 1B071C822BE922C9002543D1 /* ApiClient.swift */; };
		1B071C862BE923EC002543D1 /* Errors.swift in Sources */ = {isa = PBXBuildFile; fileRef = 1B071C852BE923EC002543D1 /* Errors.swift */; };
		1B071C8A2BE928DA002543D1 /* ViewModel.swift in Sources */ = {isa = PBXBuildFile; fileRef = 1B071C892BE928DA002543D1 /* ViewModel.swift */; };
		1B071C8C2BE9450C002543D1 /* DetailedAppetizerView.swift in Sources */ = {isa = PBXBuildFile; fileRef = 1B071C8B2BE9450C002543D1 /* DetailedAppetizerView.swift */; };
/* End PBXBuildFile section */

/* Begin PBXContainerItemProxy section */
		1B071C552BE77BAE002543D1 /* PBXContainerItemProxy */ = {
			isa = PBXContainerItemProxy;
			containerPortal = 1B071C3B2BE77BA7002543D1 /* Project object */;
			proxyType = 1;
			remoteGlobalIDString = 1B071C422BE77BA7002543D1;
			remoteInfo = "iOS Food App";
		};
		1B071C5F2BE77BAE002543D1 /* PBXContainerItemProxy */ = {
			isa = PBXContainerItemProxy;
			containerPortal = 1B071C3B2BE77BA7002543D1 /* Project object */;
			proxyType = 1;
			remoteGlobalIDString = 1B071C422BE77BA7002543D1;
			remoteInfo = "iOS Food App";
		};
/* End PBXContainerItemProxy section */

/* Begin PBXFileReference section */
		1B071C432BE77BA7002543D1 /* iOS Food App.app */ = {isa = PBXFileReference; explicitFileType = wrapper.application; includeInIndex = 0; path = "iOS Food App.app"; sourceTree = BUILT_PRODUCTS_DIR; };
		1B071C462BE77BA7002543D1 /* iOS_Food_AppApp.swift */ = {isa = PBXFileReference; lastKnownFileType = sourcecode.swift; path = iOS_Food_AppApp.swift; sourceTree = "<group>"; };
		1B071C482BE77BA7002543D1 /* FoodAppTabView.swift */ = {isa = PBXFileReference; lastKnownFileType = sourcecode.swift; path = FoodAppTabView.swift; sourceTree = "<group>"; };
		1B071C4A2BE77BAD002543D1 /* Assets.xcassets */ = {isa = PBXFileReference; lastKnownFileType = folder.assetcatalog; path = Assets.xcassets; sourceTree = "<group>"; };
		1B071C4C2BE77BAE002543D1 /* iOS_Food_App.entitlements */ = {isa = PBXFileReference; lastKnownFileType = text.plist.entitlements; path = iOS_Food_App.entitlements; sourceTree = "<group>"; };
		1B071C4E2BE77BAE002543D1 /* Preview Assets.xcassets */ = {isa = PBXFileReference; lastKnownFileType = folder.assetcatalog; path = "Preview Assets.xcassets"; sourceTree = "<group>"; };
		1B071C542BE77BAE002543D1 /* iOS Food AppTests.xctest */ = {isa = PBXFileReference; explicitFileType = wrapper.cfbundle; includeInIndex = 0; path = "iOS Food AppTests.xctest"; sourceTree = BUILT_PRODUCTS_DIR; };
		1B071C582BE77BAE002543D1 /* iOS_Food_AppTests.swift */ = {isa = PBXFileReference; lastKnownFileType = sourcecode.swift; path = iOS_Food_AppTests.swift; sourceTree = "<group>"; };
		1B071C5E2BE77BAE002543D1 /* iOS Food AppUITests.xctest */ = {isa = PBXFileReference; explicitFileType = wrapper.cfbundle; includeInIndex = 0; path = "iOS Food AppUITests.xctest"; sourceTree = BUILT_PRODUCTS_DIR; };
		1B071C622BE77BAE002543D1 /* iOS_Food_AppUITests.swift */ = {isa = PBXFileReference; lastKnownFileType = sourcecode.swift; path = iOS_Food_AppUITests.swift; sourceTree = "<group>"; };
		1B071C642BE77BAE002543D1 /* iOS_Food_AppUITestsLaunchTests.swift */ = {isa = PBXFileReference; lastKnownFileType = sourcecode.swift; path = iOS_Food_AppUITestsLaunchTests.swift; sourceTree = "<group>"; };
		1B071C722BE77EEB002543D1 /* HomeView.swift */ = {isa = PBXFileReference; lastKnownFileType = sourcecode.swift; path = HomeView.swift; sourceTree = "<group>"; };
		1B071C742BE77EFE002543D1 /* AccountView.swift */ = {isa = PBXFileReference; lastKnownFileType = sourcecode.swift; path = AccountView.swift; sourceTree = "<group>"; };
		1B071C762BE77F13002543D1 /* OrderView.swift */ = {isa = PBXFileReference; lastKnownFileType = sourcecode.swift; path = OrderView.swift; sourceTree = "<group>"; };
		1B071C7B2BE79860002543D1 /* Appetizers.swift */ = {isa = PBXFileReference; lastKnownFileType = sourcecode.swift; path = Appetizers.swift; sourceTree = "<group>"; };
		1B071C7E2BE7AA1C002543D1 /* HomeListItemView.swift */ = {isa = PBXFileReference; lastKnownFileType = sourcecode.swift; path = HomeListItemView.swift; sourceTree = "<group>"; };
		1B071C822BE922C9002543D1 /* ApiClient.swift */ = {isa = PBXFileReference; lastKnownFileType = sourcecode.swift; path = ApiClient.swift; sourceTree = "<group>"; };
		1B071C852BE923EC002543D1 /* Errors.swift */ = {isa = PBXFileReference; lastKnownFileType = sourcecode.swift; path = Errors.swift; sourceTree = "<group>"; };
		1B071C892BE928DA002543D1 /* ViewModel.swift */ = {isa = PBXFileReference; lastKnownFileType = sourcecode.swift; path = ViewModel.swift; sourceTree = "<group>"; };
		1B071C8B2BE9450C002543D1 /* DetailedAppetizerView.swift */ = {isa = PBXFileReference; lastKnownFileType = sourcecode.swift; path = DetailedAppetizerView.swift; sourceTree = "<group>"; };
/* End PBXFileReference section */

/* Begin PBXFrameworksBuildPhase section */
		1B071C402BE77BA7002543D1 /* Frameworks */ = {
			isa = PBXFrameworksBuildPhase;
			buildActionMask = 2147483647;
			files = (
			);
			runOnlyForDeploymentPostprocessing = 0;
		};
		1B071C512BE77BAE002543D1 /* Frameworks */ = {
			isa = PBXFrameworksBuildPhase;
			buildActionMask = 2147483647;
			files = (
			);
			runOnlyForDeploymentPostprocessing = 0;
		};
		1B071C5B2BE77BAE002543D1 /* Frameworks */ = {
			isa = PBXFrameworksBuildPhase;
			buildActionMask = 2147483647;
			files = (
			);
			runOnlyForDeploymentPostprocessing = 0;
		};
/* End PBXFrameworksBuildPhase section */

/* Begin PBXGroup section */
		1B071C3A2BE77BA7002543D1 = {
			isa = PBXGroup;
			children = (
				1B071C452BE77BA7002543D1 /* iOS Food App */,
				1B071C572BE77BAE002543D1 /* iOS Food AppTests */,
				1B071C612BE77BAE002543D1 /* iOS Food AppUITests */,
				1B071C442BE77BA7002543D1 /* Products */,
			);
			sourceTree = "<group>";
		};
		1B071C442BE77BA7002543D1 /* Products */ = {
			isa = PBXGroup;
			children = (
				1B071C432BE77BA7002543D1 /* iOS Food App.app */,
				1B071C542BE77BAE002543D1 /* iOS Food AppTests.xctest */,
				1B071C5E2BE77BAE002543D1 /* iOS Food AppUITests.xctest */,
			);
			name = Products;
			sourceTree = "<group>";
		};
		1B071C452BE77BA7002543D1 /* iOS Food App */ = {
			isa = PBXGroup;
			children = (
				1B071C462BE77BA7002543D1 /* iOS_Food_AppApp.swift */,
				1B071C482BE77BA7002543D1 /* FoodAppTabView.swift */,
				1B071C782BE790CD002543D1 /* TabViews */,
				1B071C712BE77EC2002543D1 /* AppetizerViews */,
				1B071C872BE927A5002543D1 /* Presentation */,
				1B071C802BE92297002543D1 /* Data */,
				1B071C4A2BE77BAD002543D1 /* Assets.xcassets */,
				1B071C4C2BE77BAE002543D1 /* iOS_Food_App.entitlements */,
				1B071C4D2BE77BAE002543D1 /* Preview Content */,
			);
			path = "iOS Food App";
			sourceTree = "<group>";
		};
		1B071C4D2BE77BAE002543D1 /* Preview Content */ = {
			isa = PBXGroup;
			children = (
				1B071C4E2BE77BAE002543D1 /* Preview Assets.xcassets */,
			);
			path = "Preview Content";
			sourceTree = "<group>";
		};
		1B071C572BE77BAE002543D1 /* iOS Food AppTests */ = {
			isa = PBXGroup;
			children = (
				1B071C582BE77BAE002543D1 /* iOS_Food_AppTests.swift */,
			);
			path = "iOS Food AppTests";
			sourceTree = "<group>";
		};
		1B071C612BE77BAE002543D1 /* iOS Food AppUITests */ = {
			isa = PBXGroup;
			children = (
				1B071C622BE77BAE002543D1 /* iOS_Food_AppUITests.swift */,
				1B071C642BE77BAE002543D1 /* iOS_Food_AppUITestsLaunchTests.swift */,
			);
			path = "iOS Food AppUITests";
			sourceTree = "<group>";
		};
		1B071C712BE77EC2002543D1 /* AppetizerViews */ = {
			isa = PBXGroup;
			children = (
				1B071C7D2BE7A9EE002543D1 /* HomeTabViews */,
			);
			path = AppetizerViews;
			sourceTree = "<group>";
		};
		1B071C782BE790CD002543D1 /* TabViews */ = {
			isa = PBXGroup;
			children = (
				1B071C722BE77EEB002543D1 /* HomeView.swift */,
				1B071C742BE77EFE002543D1 /* AccountView.swift */,
				1B071C762BE77F13002543D1 /* OrderView.swift */,
			);
			path = TabViews;
			sourceTree = "<group>";
		};
		1B071C7A2BE7984D002543D1 /* Data Models */ = {
			isa = PBXGroup;
			children = (
				1B071C7B2BE79860002543D1 /* Appetizers.swift */,
			);
			path = "Data Models";
			sourceTree = "<group>";
		};
		1B071C7D2BE7A9EE002543D1 /* HomeTabViews */ = {
			isa = PBXGroup;
			children = (
				1B071C7E2BE7AA1C002543D1 /* HomeListItemView.swift */,
				1B071C8B2BE9450C002543D1 /* DetailedAppetizerView.swift */,
			);
			path = HomeTabViews;
			sourceTree = "<group>";
		};
		1B071C802BE92297002543D1 /* Data */ = {
			isa = PBXGroup;
			children = (
				1B071C7A2BE7984D002543D1 /* Data Models */,
				1B071C842BE922E0002543D1 /* Network */,
			);
			path = Data;
			sourceTree = "<group>";
		};
		1B071C842BE922E0002543D1 /* Network */ = {
			isa = PBXGroup;
			children = (
				1B071C822BE922C9002543D1 /* ApiClient.swift */,
				1B071C852BE923EC002543D1 /* Errors.swift */,
			);
			path = Network;
			sourceTree = "<group>";
		};
		1B071C872BE927A5002543D1 /* Presentation */ = {
			isa = PBXGroup;
			children = (
				1B071C882BE927B3002543D1 /* Viewmodel */,
			);
			path = Presentation;
			sourceTree = "<group>";
		};
		1B071C882BE927B3002543D1 /* Viewmodel */ = {
			isa = PBXGroup;
			children = (
				1B071C892BE928DA002543D1 /* ViewModel.swift */,
			);
			path = Viewmodel;
			sourceTree = "<group>";
		};
/* End PBXGroup section */

/* Begin PBXNativeTarget section */
		1B071C422BE77BA7002543D1 /* iOS Food App */ = {
			isa = PBXNativeTarget;
			buildConfigurationList = 1B071C682BE77BAE002543D1 /* Build configuration list for PBXNativeTarget "iOS Food App" */;
			buildPhases = (
				1B071C3F2BE77BA7002543D1 /* Sources */,
				1B071C402BE77BA7002543D1 /* Frameworks */,
				1B071C412BE77BA7002543D1 /* Resources */,
			);
			buildRules = (
			);
			dependencies = (
			);
			name = "iOS Food App";
			productName = "iOS Food App";
			productReference = 1B071C432BE77BA7002543D1 /* iOS Food App.app */;
			productType = "com.apple.product-type.application";
		};
		1B071C532BE77BAE002543D1 /* iOS Food AppTests */ = {
			isa = PBXNativeTarget;
			buildConfigurationList = 1B071C6B2BE77BAE002543D1 /* Build configuration list for PBXNativeTarget "iOS Food AppTests" */;
			buildPhases = (
				1B071C502BE77BAE002543D1 /* Sources */,
				1B071C512BE77BAE002543D1 /* Frameworks */,
				1B071C522BE77BAE002543D1 /* Resources */,
			);
			buildRules = (
			);
			dependencies = (
				1B071C562BE77BAE002543D1 /* PBXTargetDependency */,
			);
			name = "iOS Food AppTests";
			productName = "iOS Food AppTests";
			productReference = 1B071C542BE77BAE002543D1 /* iOS Food AppTests.xctest */;
			productType = "com.apple.product-type.bundle.unit-test";
		};
		1B071C5D2BE77BAE002543D1 /* iOS Food AppUITests */ = {
			isa = PBXNativeTarget;
			buildConfigurationList = 1B071C6E2BE77BAE002543D1 /* Build configuration list for PBXNativeTarget "iOS Food AppUITests" */;
			buildPhases = (
				1B071C5A2BE77BAE002543D1 /* Sources */,
				1B071C5B2BE77BAE002543D1 /* Frameworks */,
				1B071C5C2BE77BAE002543D1 /* Resources */,
			);
			buildRules = (
			);
			dependencies = (
				1B071C602BE77BAE002543D1 /* PBXTargetDependency */,
			);
			name = "iOS Food AppUITests";
			productName = "iOS Food AppUITests";
			productReference = 1B071C5E2BE77BAE002543D1 /* iOS Food AppUITests.xctest */;
			productType = "com.apple.product-type.bundle.ui-testing";
		};
/* End PBXNativeTarget section */

/* Begin PBXProject section */
		1B071C3B2BE77BA7002543D1 /* Project object */ = {
			isa = PBXProject;
			attributes = {
				BuildIndependentTargetsInParallel = 1;
				LastSwiftUpdateCheck = 1530;
				LastUpgradeCheck = 1530;
				TargetAttributes = {
					1B071C422BE77BA7002543D1 = {
						CreatedOnToolsVersion = 15.3;
					};
					1B071C532BE77BAE002543D1 = {
						CreatedOnToolsVersion = 15.3;
						TestTargetID = 1B071C422BE77BA7002543D1;
					};
					1B071C5D2BE77BAE002543D1 = {
						CreatedOnToolsVersion = 15.3;
						TestTargetID = 1B071C422BE77BA7002543D1;
					};
				};
			};
			buildConfigurationList = 1B071C3E2BE77BA7002543D1 /* Build configuration list for PBXProject "iOS Food App" */;
			compatibilityVersion = "Xcode 14.0";
			developmentRegion = en;
			hasScannedForEncodings = 0;
			knownRegions = (
				en,
				Base,
			);
			mainGroup = 1B071C3A2BE77BA7002543D1;
			productRefGroup = 1B071C442BE77BA7002543D1 /* Products */;
			projectDirPath = "";
			projectRoot = "";
			targets = (
				1B071C422BE77BA7002543D1 /* iOS Food App */,
				1B071C532BE77BAE002543D1 /* iOS Food AppTests */,
				1B071C5D2BE77BAE002543D1 /* iOS Food AppUITests */,
			);
		};
/* End PBXProject section */

/* Begin PBXResourcesBuildPhase section */
		1B071C412BE77BA7002543D1 /* Resources */ = {
			isa = PBXResourcesBuildPhase;
			buildActionMask = 2147483647;
			files = (
				1B071C4F2BE77BAE002543D1 /* Preview Assets.xcassets in Resources */,
				1B071C4B2BE77BAD002543D1 /* Assets.xcassets in Resources */,
			);
			runOnlyForDeploymentPostprocessing = 0;
		};
		1B071C522BE77BAE002543D1 /* Resources */ = {
			isa = PBXResourcesBuildPhase;
			buildActionMask = 2147483647;
			files = (
			);
			runOnlyForDeploymentPostprocessing = 0;
		};
		1B071C5C2BE77BAE002543D1 /* Resources */ = {
			isa = PBXResourcesBuildPhase;
			buildActionMask = 2147483647;
			files = (
			);
			runOnlyForDeploymentPostprocessing = 0;
		};
/* End PBXResourcesBuildPhase section */

/* Begin PBXSourcesBuildPhase section */
		1B071C3F2BE77BA7002543D1 /* Sources */ = {
			isa = PBXSourcesBuildPhase;
			buildActionMask = 2147483647;
			files = (
				1B071C8A2BE928DA002543D1 /* ViewModel.swift in Sources */,
				1B071C8C2BE9450C002543D1 /* DetailedAppetizerView.swift in Sources */,
				1B071C752BE77EFE002543D1 /* AccountView.swift in Sources */,
				1B071C7F2BE7AA1C002543D1 /* HomeListItemView.swift in Sources */,
				1B071C732BE77EEB002543D1 /* HomeView.swift in Sources */,
				1B071C832BE922C9002543D1 /* ApiClient.swift in Sources */,
				1B071C492BE77BA7002543D1 /* FoodAppTabView.swift in Sources */,
				1B071C472BE77BA7002543D1 /* iOS_Food_AppApp.swift in Sources */,
				1B071C7C2BE79860002543D1 /* Appetizers.swift in Sources */,
				1B071C862BE923EC002543D1 /* Errors.swift in Sources */,
				1B071C772BE77F13002543D1 /* OrderView.swift in Sources */,
			);
			runOnlyForDeploymentPostprocessing = 0;
		};
		1B071C502BE77BAE002543D1 /* Sources */ = {
			isa = PBXSourcesBuildPhase;
			buildActionMask = 2147483647;
			files = (
				1B071C592BE77BAE002543D1 /* iOS_Food_AppTests.swift in Sources */,
			);
			runOnlyForDeploymentPostprocessing = 0;
		};
		1B071C5A2BE77BAE002543D1 /* Sources */ = {
			isa = PBXSourcesBuildPhase;
			buildActionMask = 2147483647;
			files = (
				1B071C652BE77BAE002543D1 /* iOS_Food_AppUITestsLaunchTests.swift in Sources */,
				1B071C632BE77BAE002543D1 /* iOS_Food_AppUITests.swift in Sources */,
			);
			runOnlyForDeploymentPostprocessing = 0;
		};
/* End PBXSourcesBuildPhase section */

/* Begin PBXTargetDependency section */
		1B071C562BE77BAE002543D1 /* PBXTargetDependency */ = {
			isa = PBXTargetDependency;
			target = 1B071C422BE77BA7002543D1 /* iOS Food App */;
			targetProxy = 1B071C552BE77BAE002543D1 /* PBXContainerItemProxy */;
		};
		1B071C602BE77BAE002543D1 /* PBXTargetDependency */ = {
			isa = PBXTargetDependency;
			target = 1B071C422BE77BA7002543D1 /* iOS Food App */;
			targetProxy = 1B071C5F2BE77BAE002543D1 /* PBXContainerItemProxy */;
		};
/* End PBXTargetDependency section */

/* Begin XCBuildConfiguration section */
		1B071C662BE77BAE002543D1 /* Debug */ = {
			isa = XCBuildConfiguration;
			buildSettings = {
				ALWAYS_SEARCH_USER_PATHS = NO;
				ASSETCATALOG_COMPILER_GENERATE_SWIFT_ASSET_SYMBOL_EXTENSIONS = YES;
				CLANG_ANALYZER_NONNULL = YES;
				CLANG_ANALYZER_NUMBER_OBJECT_CONVERSION = YES_AGGRESSIVE;
				CLANG_CXX_LANGUAGE_STANDARD = "gnu++20";
				CLANG_ENABLE_MODULES = YES;
				CLANG_ENABLE_OBJC_ARC = YES;
				CLANG_ENABLE_OBJC_WEAK = YES;
				CLANG_WARN_BLOCK_CAPTURE_AUTORELEASING = YES;
				CLANG_WARN_BOOL_CONVERSION = YES;
				CLANG_WARN_COMMA = YES;
				CLANG_WARN_CONSTANT_CONVERSION = YES;
				CLANG_WARN_DEPRECATED_OBJC_IMPLEMENTATIONS = YES;
				CLANG_WARN_DIRECT_OBJC_ISA_USAGE = YES_ERROR;
				CLANG_WARN_DOCUMENTATION_COMMENTS = YES;
				CLANG_WARN_EMPTY_BODY = YES;
				CLANG_WARN_ENUM_CONVERSION = YES;
				CLANG_WARN_INFINITE_RECURSION = YES;
				CLANG_WARN_INT_CONVERSION = YES;
				CLANG_WARN_NON_LITERAL_NULL_CONVERSION = YES;
				CLANG_WARN_OBJC_IMPLICIT_RETAIN_SELF = YES;
				CLANG_WARN_OBJC_LITERAL_CONVERSION = YES;
				CLANG_WARN_OBJC_ROOT_CLASS = YES_ERROR;
				CLANG_WARN_QUOTED_INCLUDE_IN_FRAMEWORK_HEADER = YES;
				CLANG_WARN_RANGE_LOOP_ANALYSIS = YES;
				CLANG_WARN_STRICT_PROTOTYPES = YES;
				CLANG_WARN_SUSPICIOUS_MOVE = YES;
				CLANG_WARN_UNGUARDED_AVAILABILITY = YES_AGGRESSIVE;
				CLANG_WARN_UNREACHABLE_CODE = YES;
				CLANG_WARN__DUPLICATE_METHOD_MATCH = YES;
				COPY_PHASE_STRIP = NO;
				DEBUG_INFORMATION_FORMAT = dwarf;
				ENABLE_STRICT_OBJC_MSGSEND = YES;
				ENABLE_TESTABILITY = YES;
				ENABLE_USER_SCRIPT_SANDBOXING = YES;
				GCC_C_LANGUAGE_STANDARD = gnu17;
				GCC_DYNAMIC_NO_PIC = NO;
				GCC_NO_COMMON_BLOCKS = YES;
				GCC_OPTIMIZATION_LEVEL = 0;
				GCC_PREPROCESSOR_DEFINITIONS = (
					"DEBUG=1",
					"$(inherited)",
				);
				GCC_WARN_64_TO_32_BIT_CONVERSION = YES;
				GCC_WARN_ABOUT_RETURN_TYPE = YES_ERROR;
				GCC_WARN_UNDECLARED_SELECTOR = YES;
				GCC_WARN_UNINITIALIZED_AUTOS = YES_AGGRESSIVE;
				GCC_WARN_UNUSED_FUNCTION = YES;
				GCC_WARN_UNUSED_VARIABLE = YES;
				LOCALIZATION_PREFERS_STRING_CATALOGS = YES;
				MTL_ENABLE_DEBUG_INFO = INCLUDE_SOURCE;
				MTL_FAST_MATH = YES;
				ONLY_ACTIVE_ARCH = YES;
				SWIFT_ACTIVE_COMPILATION_CONDITIONS = "DEBUG $(inherited)";
				SWIFT_OPTIMIZATION_LEVEL = "-Onone";
			};
			name = Debug;
		};
		1B071C672BE77BAE002543D1 /* Release */ = {
			isa = XCBuildConfiguration;
			buildSettings = {
				ALWAYS_SEARCH_USER_PATHS = NO;
				ASSETCATALOG_COMPILER_GENERATE_SWIFT_ASSET_SYMBOL_EXTENSIONS = YES;
				CLANG_ANALYZER_NONNULL = YES;
				CLANG_ANALYZER_NUMBER_OBJECT_CONVERSION = YES_AGGRESSIVE;
				CLANG_CXX_LANGUAGE_STANDARD = "gnu++20";
				CLANG_ENABLE_MODULES = YES;
				CLANG_ENABLE_OBJC_ARC = YES;
				CLANG_ENABLE_OBJC_WEAK = YES;
				CLANG_WARN_BLOCK_CAPTURE_AUTORELEASING = YES;
				CLANG_WARN_BOOL_CONVERSION = YES;
				CLANG_WARN_COMMA = YES;
				CLANG_WARN_CONSTANT_CONVERSION = YES;
				CLANG_WARN_DEPRECATED_OBJC_IMPLEMENTATIONS = YES;
				CLANG_WARN_DIRECT_OBJC_ISA_USAGE = YES_ERROR;
				CLANG_WARN_DOCUMENTATION_COMMENTS = YES;
				CLANG_WARN_EMPTY_BODY = YES;
				CLANG_WARN_ENUM_CONVERSION = YES;
				CLANG_WARN_INFINITE_RECURSION = YES;
				CLANG_WARN_INT_CONVERSION = YES;
				CLANG_WARN_NON_LITERAL_NULL_CONVERSION = YES;
				CLANG_WARN_OBJC_IMPLICIT_RETAIN_SELF = YES;
				CLANG_WARN_OBJC_LITERAL_CONVERSION = YES;
				CLANG_WARN_OBJC_ROOT_CLASS = YES_ERROR;
				CLANG_WARN_QUOTED_INCLUDE_IN_FRAMEWORK_HEADER = YES;
				CLANG_WARN_RANGE_LOOP_ANALYSIS = YES;
				CLANG_WARN_STRICT_PROTOTYPES = YES;
				CLANG_WARN_SUSPICIOUS_MOVE = YES;
				CLANG_WARN_UNGUARDED_AVAILABILITY = YES_AGGRESSIVE;
				CLANG_WARN_UNREACHABLE_CODE = YES;
				CLANG_WARN__DUPLICATE_METHOD_MATCH = YES;
				COPY_PHASE_STRIP = NO;
				DEBUG_INFORMATION_FORMAT = "dwarf-with-dsym";
				ENABLE_NS_ASSERTIONS = NO;
				ENABLE_STRICT_OBJC_MSGSEND = YES;
				ENABLE_USER_SCRIPT_SANDBOXING = YES;
				GCC_C_LANGUAGE_STANDARD = gnu17;
				GCC_NO_COMMON_BLOCKS = YES;
				GCC_WARN_64_TO_32_BIT_CONVERSION = YES;
				GCC_WARN_ABOUT_RETURN_TYPE = YES_ERROR;
				GCC_WARN_UNDECLARED_SELECTOR = YES;
				GCC_WARN_UNINITIALIZED_AUTOS = YES_AGGRESSIVE;
				GCC_WARN_UNUSED_FUNCTION = YES;
				GCC_WARN_UNUSED_VARIABLE = YES;
				LOCALIZATION_PREFERS_STRING_CATALOGS = YES;
				MTL_ENABLE_DEBUG_INFO = NO;
				MTL_FAST_MATH = YES;
				SWIFT_COMPILATION_MODE = wholemodule;
			};
			name = Release;
		};
		1B071C692BE77BAE002543D1 /* Debug */ = {
			isa = XCBuildConfiguration;
			buildSettings = {
				ASSETCATALOG_COMPILER_APPICON_NAME = AppIcon;
				ASSETCATALOG_COMPILER_GLOBAL_ACCENT_COLOR_NAME = AccentColor;
				CODE_SIGN_ENTITLEMENTS = "iOS Food App/iOS_Food_App.entitlements";
				CODE_SIGN_STYLE = Automatic;
				CURRENT_PROJECT_VERSION = 1;
				DEVELOPMENT_ASSET_PATHS = "\"iOS Food App/Preview Content\"";
				ENABLE_PREVIEWS = YES;
				GENERATE_INFOPLIST_FILE = YES;
				"INFOPLIST_KEY_UIApplicationSceneManifest_Generation[sdk=iphoneos*]" = YES;
				"INFOPLIST_KEY_UIApplicationSceneManifest_Generation[sdk=iphonesimulator*]" = YES;
				"INFOPLIST_KEY_UIApplicationSupportsIndirectInputEvents[sdk=iphoneos*]" = YES;
				"INFOPLIST_KEY_UIApplicationSupportsIndirectInputEvents[sdk=iphonesimulator*]" = YES;
				"INFOPLIST_KEY_UILaunchScreen_Generation[sdk=iphoneos*]" = YES;
				"INFOPLIST_KEY_UILaunchScreen_Generation[sdk=iphonesimulator*]" = YES;
				"INFOPLIST_KEY_UIStatusBarStyle[sdk=iphoneos*]" = UIStatusBarStyleDefault;
				"INFOPLIST_KEY_UIStatusBarStyle[sdk=iphonesimulator*]" = UIStatusBarStyleDefault;
				INFOPLIST_KEY_UISupportedInterfaceOrientations_iPad = "UIInterfaceOrientationPortrait UIInterfaceOrientationPortraitUpsideDown UIInterfaceOrientationLandscapeLeft UIInterfaceOrientationLandscapeRight";
				INFOPLIST_KEY_UISupportedInterfaceOrientations_iPhone = "UIInterfaceOrientationPortrait UIInterfaceOrientationLandscapeLeft UIInterfaceOrientationLandscapeRight";
				IPHONEOS_DEPLOYMENT_TARGET = 17.4;
				LD_RUNPATH_SEARCH_PATHS = "@executable_path/Frameworks";
				"LD_RUNPATH_SEARCH_PATHS[sdk=macosx*]" = "@executable_path/../Frameworks";
				MACOSX_DEPLOYMENT_TARGET = 14.4;
				MARKETING_VERSION = 1.0;
				PRODUCT_BUNDLE_IDENTIFIER = "com.shuklansh.iOS-Food-App";
				PRODUCT_NAME = "$(TARGET_NAME)";
				SDKROOT = auto;
				SUPPORTED_PLATFORMS = "iphoneos iphonesimulator macosx";
				SWIFT_EMIT_LOC_STRINGS = YES;
				SWIFT_VERSION = 5.0;
				TARGETED_DEVICE_FAMILY = "1,2";
			};
			name = Debug;
		};
		1B071C6A2BE77BAE002543D1 /* Release */ = {
			isa = XCBuildConfiguration;
			buildSettings = {
				ASSETCATALOG_COMPILER_APPICON_NAME = AppIcon;
				ASSETCATALOG_COMPILER_GLOBAL_ACCENT_COLOR_NAME = AccentColor;
				CODE_SIGN_ENTITLEMENTS = "iOS Food App/iOS_Food_App.entitlements";
				CODE_SIGN_STYLE = Automatic;
				CURRENT_PROJECT_VERSION = 1;
				DEVELOPMENT_ASSET_PATHS = "\"iOS Food App/Preview Content\"";
				ENABLE_PREVIEWS = YES;
				GENERATE_INFOPLIST_FILE = YES;
				"INFOPLIST_KEY_UIApplicationSceneManifest_Generation[sdk=iphoneos*]" = YES;
				"INFOPLIST_KEY_UIApplicationSceneManifest_Generation[sdk=iphonesimulator*]" = YES;
				"INFOPLIST_KEY_UIApplicationSupportsIndirectInputEvents[sdk=iphoneos*]" = YES;
				"INFOPLIST_KEY_UIApplicationSupportsIndirectInputEvents[sdk=iphonesimulator*]" = YES;
				"INFOPLIST_KEY_UILaunchScreen_Generation[sdk=iphoneos*]" = YES;
				"INFOPLIST_KEY_UILaunchScreen_Generation[sdk=iphonesimulator*]" = YES;
				"INFOPLIST_KEY_UIStatusBarStyle[sdk=iphoneos*]" = UIStatusBarStyleDefault;
				"INFOPLIST_KEY_UIStatusBarStyle[sdk=iphonesimulator*]" = UIStatusBarStyleDefault;
				INFOPLIST_KEY_UISupportedInterfaceOrientations_iPad = "UIInterfaceOrientationPortrait UIInterfaceOrientationPortraitUpsideDown UIInterfaceOrientationLandscapeLeft UIInterfaceOrientationLandscapeRight";
				INFOPLIST_KEY_UISupportedInterfaceOrientations_iPhone = "UIInterfaceOrientationPortrait UIInterfaceOrientationLandscapeLeft UIInterfaceOrientationLandscapeRight";
				IPHONEOS_DEPLOYMENT_TARGET = 17.4;
				LD_RUNPATH_SEARCH_PATHS = "@executable_path/Frameworks";
				"LD_RUNPATH_SEARCH_PATHS[sdk=macosx*]" = "@executable_path/../Frameworks";
				MACOSX_DEPLOYMENT_TARGET = 14.4;
				MARKETING_VERSION = 1.0;
				PRODUCT_BUNDLE_IDENTIFIER = "com.shuklansh.iOS-Food-App";
				PRODUCT_NAME = "$(TARGET_NAME)";
				SDKROOT = auto;
				SUPPORTED_PLATFORMS = "iphoneos iphonesimulator macosx";
				SWIFT_EMIT_LOC_STRINGS = YES;
				SWIFT_VERSION = 5.0;
				TARGETED_DEVICE_FAMILY = "1,2";
			};
			name = Release;
		};
		1B071C6C2BE77BAE002543D1 /* Debug */ = {
			isa = XCBuildConfiguration;
			buildSettings = {
				ALWAYS_EMBED_SWIFT_STANDARD_LIBRARIES = YES;
				BUNDLE_LOADER = "$(TEST_HOST)";
				CODE_SIGN_STYLE = Automatic;
				CURRENT_PROJECT_VERSION = 1;
				GENERATE_INFOPLIST_FILE = YES;
				IPHONEOS_DEPLOYMENT_TARGET = 17.4;
				MACOSX_DEPLOYMENT_TARGET = 14.4;
				MARKETING_VERSION = 1.0;
				PRODUCT_BUNDLE_IDENTIFIER = "com.shuklansh.iOS-Food-AppTests";
				PRODUCT_NAME = "$(TARGET_NAME)";
				SDKROOT = auto;
				SUPPORTED_PLATFORMS = "iphoneos iphonesimulator macosx";
				SWIFT_EMIT_LOC_STRINGS = NO;
				SWIFT_VERSION = 5.0;
				TARGETED_DEVICE_FAMILY = "1,2";
				TEST_HOST = "$(BUILT_PRODUCTS_DIR)/iOS Food App.app/$(BUNDLE_EXECUTABLE_FOLDER_PATH)/iOS Food App";
			};
			name = Debug;
		};
		1B071C6D2BE77BAE002543D1 /* Release */ = {
			isa = XCBuildConfiguration;
			buildSettings = {
				ALWAYS_EMBED_SWIFT_STANDARD_LIBRARIES = YES;
				BUNDLE_LOADER = "$(TEST_HOST)";
				CODE_SIGN_STYLE = Automatic;
				CURRENT_PROJECT_VERSION = 1;
				GENERATE_INFOPLIST_FILE = YES;
				IPHONEOS_DEPLOYMENT_TARGET = 17.4;
				MACOSX_DEPLOYMENT_TARGET = 14.4;
				MARKETING_VERSION = 1.0;
				PRODUCT_BUNDLE_IDENTIFIER = "com.shuklansh.iOS-Food-AppTests";
				PRODUCT_NAME = "$(TARGET_NAME)";
				SDKROOT = auto;
				SUPPORTED_PLATFORMS = "iphoneos iphonesimulator macosx";
				SWIFT_EMIT_LOC_STRINGS = NO;
				SWIFT_VERSION = 5.0;
				TARGETED_DEVICE_FAMILY = "1,2";
				TEST_HOST = "$(BUILT_PRODUCTS_DIR)/iOS Food App.app/$(BUNDLE_EXECUTABLE_FOLDER_PATH)/iOS Food App";
			};
			name = Release;
		};
		1B071C6F2BE77BAE002543D1 /* Debug */ = {
			isa = XCBuildConfiguration;
			buildSettings = {
				ALWAYS_EMBED_SWIFT_STANDARD_LIBRARIES = YES;
				CODE_SIGN_STYLE = Automatic;
				CURRENT_PROJECT_VERSION = 1;
				GENERATE_INFOPLIST_FILE = YES;
				IPHONEOS_DEPLOYMENT_TARGET = 17.4;
				MACOSX_DEPLOYMENT_TARGET = 14.4;
				MARKETING_VERSION = 1.0;
				PRODUCT_BUNDLE_IDENTIFIER = "com.shuklansh.iOS-Food-AppUITests";
				PRODUCT_NAME = "$(TARGET_NAME)";
				SDKROOT = auto;
				SUPPORTED_PLATFORMS = "iphoneos iphonesimulator macosx";
				SWIFT_EMIT_LOC_STRINGS = NO;
				SWIFT_VERSION = 5.0;
				TARGETED_DEVICE_FAMILY = "1,2";
				TEST_TARGET_NAME = "iOS Food App";
			};
			name = Debug;
		};
		1B071C702BE77BAE002543D1 /* Release */ = {
			isa = XCBuildConfiguration;
			buildSettings = {
				ALWAYS_EMBED_SWIFT_STANDARD_LIBRARIES = YES;
				CODE_SIGN_STYLE = Automatic;
				CURRENT_PROJECT_VERSION = 1;
				GENERATE_INFOPLIST_FILE = YES;
				IPHONEOS_DEPLOYMENT_TARGET = 17.4;
				MACOSX_DEPLOYMENT_TARGET = 14.4;
				MARKETING_VERSION = 1.0;
				PRODUCT_BUNDLE_IDENTIFIER = "com.shuklansh.iOS-Food-AppUITests";
				PRODUCT_NAME = "$(TARGET_NAME)";
				SDKROOT = auto;
				SUPPORTED_PLATFORMS = "iphoneos iphonesimulator macosx";
				SWIFT_EMIT_LOC_STRINGS = NO;
				SWIFT_VERSION = 5.0;
				TARGETED_DEVICE_FAMILY = "1,2";
				TEST_TARGET_NAME = "iOS Food App";
			};
			name = Release;
		};
/* End XCBuildConfiguration section */

/* Begin XCConfigurationList section */
		1B071C3E2BE77BA7002543D1 /* Build configuration list for PBXProject "iOS Food App" */ = {
			isa = XCConfigurationList;
			buildConfigurations = (
				1B071C662BE77BAE002543D1 /* Debug */,
				1B071C672BE77BAE002543D1 /* Release */,
			);
			defaultConfigurationIsVisible = 0;
			defaultConfigurationName = Release;
		};
		1B071C682BE77BAE002543D1 /* Build configuration list for PBXNativeTarget "iOS Food App" */ = {
			isa = XCConfigurationList;
			buildConfigurations = (
				1B071C692BE77BAE002543D1 /* Debug */,
				1B071C6A2BE77BAE002543D1 /* Release */,
			);
			defaultConfigurationIsVisible = 0;
			defaultConfigurationName = Release;
		};
		1B071C6B2BE77BAE002543D1 /* Build configuration list for PBXNativeTarget "iOS Food AppTests" */ = {
			isa = XCConfigurationList;
			buildConfigurations = (
				1B071C6C2BE77BAE002543D1 /* Debug */,
				1B071C6D2BE77BAE002543D1 /* Release */,
			);
			defaultConfigurationIsVisible = 0;
			defaultConfigurationName = Release;
		};
		1B071C6E2BE77BAE002543D1 /* Build configuration list for PBXNativeTarget "iOS Food AppUITests" */ = {
			isa = XCConfigurationList;
			buildConfigurations = (
				1B071C6F2BE77BAE002543D1 /* Debug */,
				1B071C702BE77BAE002543D1 /* Release */,
			);
			defaultConfigurationIsVisible = 0;
			defaultConfigurationName = Release;
		};
/* End XCConfigurationList section */
	};
	rootObject = 1B071C3B2BE77BA7002543D1 /* Project object */;
}
